{
  "name": "surveys",
  "lockfileVersion": 2,
  "requires": true,
  "packages": {
    "": {
      "dependencies": {
        "survey-jquery": "^1.8.41"
      }
    },
    "node_modules/jquery": {
      "version": "3.6.0",
      "resolved": "https://registry.npmjs.org/jquery/-/jquery-3.6.0.tgz",
      "integrity": "sha512-JVzAR/AjBvVt2BmYhxRCSYysDsPcssdmTFnzyLEts9qNwmjmu4JTAMYubEfwVOSwpQ1I1sKKFcxhZCI2buerfw=="
    },
    "node_modules/survey-jquery": {
      "version": "1.8.41",
      "resolved": "https://registry.npmjs.org/survey-jquery/-/survey-jquery-1.8.41.tgz",
      "integrity": "sha512-aBPStlT9zhPEm9iviELN/C0KhFVwtS3QBQiHk6MUIfyCA5ozotK/9RXif86fv/h3W4RcLDwK3XnaL2Tp8uYV/Q==",
      "dependencies": {
        "jquery": ">=1.12.4"
      }
    }
  },
  "dependencies": {
    "jquery": {
      "version": "3.6.0",
      "resolved": "https://registry.npmjs.org/jquery/-/jquery-3.6.0.tgz",
      "integrity": "sha512-JVzAR/AjBvVt2BmYhxRCSYysDsPcssdmTFnzyLEts9qNwmjmu4JTAMYubEfwVOSwpQ1I1sKKFcxhZCI2buerfw=="
    },
    "survey-jquery": {
      "version": "1.8.41",
      "resolved": "https://registry.npmjs.org/survey-jquery/-/survey-jquery-1.8.41.tgz",
      "integrity": "sha512-aBPStlT9zhPEm9iviELN/C0KhFVwtS3QBQiHk6MUIfyCA5ozotK/9RXif86fv/h3W4RcLDwK3XnaL2Tp8uYV/Q==",
      "requires": {
        "jquery": ">=1.12.4"
      }
    }
  }
}
